PODS:
  - AgoraRtcEngine_iOS (4.3.2):
    - AgoraRtcEngine_iOS/AIAEC (= 4.3.2)
    - AgoraRtcEngine_iOS/AINS (= 4.3.2)
    - AgoraRtcEngine_iOS/AudioBeauty (= 4.3.2)
    - AgoraRtcEngine_iOS/ClearVision (= 4.3.2)
    - AgoraRtcEngine_iOS/ContentInspect (= 4.3.2)
    - AgoraRtcEngine_iOS/FaceCapture (= 4.3.2)
    - AgoraRtcEngine_iOS/FaceDetection (= 4.3.2)
    - AgoraRtcEngine_iOS/LipSync (= 4.3.2)
    - AgoraRtcEngine_iOS/ReplayKit (= 4.3.2)
    - AgoraRtcEngine_iOS/RtcBasic (= 4.3.2)
    - AgoraRtcEngine_iOS/SpatialAudio (= 4.3.2)
    - AgoraRtcEngine_iOS/VideoAv1CodecDec (= 4.3.2)
    - AgoraRtcEngine_iOS/VideoAv1CodecEnc (= 4.3.2)
    - AgoraRtcEngine_iOS/VideoCodecDec (= 4.3.2)
    - AgoraRtcEngine_iOS/VideoCodecEnc (= 4.3.2)
    - AgoraRtcEngine_iOS/VirtualBackground (= 4.3.2)
    - AgoraRtcEngine_iOS/VQA (= 4.3.2)
  - AgoraRtcEngine_iOS/AIAEC (4.3.2)
  - AgoraRtcEngine_iOS/AINS (4.3.2)
  - AgoraRtcEngine_iOS/AudioBeauty (4.3.2)
  - AgoraRtcEngine_iOS/ClearVision (4.3.2)
  - AgoraRtcEngine_iOS/ContentInspect (4.3.2)
  - AgoraRtcEngine_iOS/FaceCapture (4.3.2)
  - AgoraRtcEngine_iOS/FaceDetection (4.3.2)
  - AgoraRtcEngine_iOS/LipSync (4.3.2)
  - AgoraRtcEngine_iOS/ReplayKit (4.3.2)
  - AgoraRtcEngine_iOS/RtcBasic (4.3.2)
  - AgoraRtcEngine_iOS/SpatialAudio (4.3.2)
  - AgoraRtcEngine_iOS/VideoAv1CodecDec (4.3.2)
  - AgoraRtcEngine_iOS/VideoAv1CodecEnc (4.3.2)
  - AgoraRtcEngine_iOS/VideoCodecDec (4.3.2)
  - AgoraRtcEngine_iOS/VideoCodecEnc (4.3.2)
  - AgoraRtcEngine_iOS/VirtualBackground (4.3.2)
  - AgoraRtcEngine_iOS/VQA (4.3.2)

DEPENDENCIES:
  - AgoraRtcEngine_iOS (= 4.3.2)

SPEC REPOS:
  trunk:
    - AgoraRtcEngine_iOS

SPEC CHECKSUMS:
  AgoraRtcEngine_iOS: eaa97751fcfe1b50d9b067e0df92752a6a5f899f

PODFILE CHECKSUM: 1ac5d3afd6b72394c4a0bce93095e701f1fd28fa

COCOAPODS: 1.16.2
